
Microsoft Visual Studio Solution File, Format Version 12.00
# Visual Studio Version 17
VisualStudioVersion = 17.9.34701.34
MinimumVisualStudioVersion = 10.0.40219.1
Project("{FAE04EC0-301F-11D3-BF4B-00C04F79EFBC}") = "Week 7", "Week 7\Week 7.csproj", "{799F1E7D-A68C-45B3-9455-3E0539CD0B25}"
EndProject
Project("{FAE04EC0-301F-11D3-BF4B-00C04F79EFBC}") = "Functions", "Functions\Functions.csproj", "{2196339B-7947-4170-9D58-97AC32E1F4F6}"
EndProject
Project("{FAE04EC0-301F-11D3-BF4B-00C04F79EFBC}") = "DisscountCalculator", "DisscountCalculator\DisscountCalculator.csproj", "{8C7A5CFD-88E9-4E3B-9D9F-A9A4F6775006}"
EndProject
Project("{FAE04EC0-301F-11D3-BF4B-00C04F79EFBC}") = "Calculator", "Calculator\Calculator.csproj", "{6CD1BC95-9AF4-4F2E-92C4-DA7B5C58EDD2}"
EndProject
Global
	GlobalSection(SolutionConfigurationPlatforms) = preSolution
		Debug|Any CPU = Debug|Any CPU
		Release|Any CPU = Release|Any CPU
	EndGlobalSection
	GlobalSection(ProjectConfigurationPlatforms) = postSolution
		{799F1E7D-A68C-45B3-9455-3E0539CD0B25}.Debug|Any CPU.ActiveCfg = Debug|Any CPU
		{799F1E7D-A68C-45B3-9455-3E0539CD0B25}.Debug|Any CPU.Build.0 = Debug|Any CPU
		{799F1E7D-A68C-45B3-9455-3E0539CD0B25}.Release|Any CPU.ActiveCfg = Release|Any CPU
		{799F1E7D-A68C-45B3-9455-3E0539CD0B25}.Release|Any CPU.Build.0 = Release|Any CPU
		{2196339B-7947-4170-9D58-97AC32E1F4F6}.Debug|Any CPU.ActiveCfg = Debug|Any CPU
		{2196339B-7947-4170-9D58-97AC32E1F4F6}.Debug|Any CPU.Build.0 = Debug|Any CPU
		{2196339B-7947-4170-9D58-97AC32E1F4F6}.Release|Any CPU.ActiveCfg = Release|Any CPU
		{2196339B-7947-4170-9D58-97AC32E1F4F6}.Release|Any CPU.Build.0 = Release|Any CPU
		{8C7A5CFD-88E9-4E3B-9D9F-A9A4F6775006}.Debug|Any CPU.ActiveCfg = Debug|Any CPU
		{8C7A5CFD-88E9-4E3B-9D9F-A9A4F6775006}.Debug|Any CPU.Build.0 = Debug|Any CPU
		{8C7A5CFD-88E9-4E3B-9D9F-A9A4F6775006}.Release|Any CPU.ActiveCfg = Release|Any CPU
		{8C7A5CFD-88E9-4E3B-9D9F-A9A4F6775006}.Release|Any CPU.Build.0 = Release|Any CPU
		{6CD1BC95-9AF4-4F2E-92C4-DA7B5C58EDD2}.Debug|Any CPU.ActiveCfg = Debug|Any CPU
		{6CD1BC95-9AF4-4F2E-92C4-DA7B5C58EDD2}.Debug|Any CPU.Build.0 = Debug|Any CPU
		{6CD1BC95-9AF4-4F2E-92C4-DA7B5C58EDD2}.Release|Any CPU.ActiveCfg = Release|Any CPU
		{6CD1BC95-9AF4-4F2E-92C4-DA7B5C58EDD2}.Release|Any CPU.Build.0 = Release|Any CPU
	EndGlobalSection
	GlobalSection(SolutionProperties) = preSolution
		HideSolutionNode = FALSE
	EndGlobalSection
	GlobalSection(ExtensibilityGlobals) = postSolution
		SolutionGuid = {DB8E5FEA-7F27-4035-ACD3-94BF4BB6C746}
	EndGlobalSection
EndGlobal
